
Microsoft Visual Studio Solution File, Format Version 12.00
# Visual Studio 15
VisualStudioVersion = 15.0.28307.902
MinimumVisualStudioVersion = 10.0.40219.1
Project("{9A19103F-16F7-4668-BE54-9A1E7A4F7556}") = "Benefits", "Benefits\Benefits.csproj", "{CA36D1BC-9E3D-4ECE-A296-EE659BEEC789}"
EndProject
Project("{9A19103F-16F7-4668-BE54-9A1E7A4F7556}") = "Repository", "Repository\Repository.csproj", "{2C1AF184-048B-4B62-8A99-1B2B17364ADF}"
EndProject
Project("{9A19103F-16F7-4668-BE54-9A1E7A4F7556}") = "Domain", "Domain\Domain.csproj", "{87687A86-B6D4-4D3F-9E32-AAA424A7AA1D}"
EndProject
Project("{FAE04EC0-301F-11D3-BF4B-00C04F79EFBC}") = "API", "API\API.csproj", "{9CC3415D-4A6E-4696-A6A1-6B8CAC015A01}"
	ProjectSection(ProjectDependencies) = postProject
		{87687A86-B6D4-4D3F-9E32-AAA424A7AA1D} = {87687A86-B6D4-4D3F-9E32-AAA424A7AA1D}
	EndProjectSection
EndProject
Global
	GlobalSection(SolutionConfigurationPlatforms) = preSolution
		Debug|Any CPU = Debug|Any CPU
		Release|Any CPU = Release|Any CPU
	EndGlobalSection
	GlobalSection(ProjectConfigurationPlatforms) = postSolution
		{CA36D1BC-9E3D-4ECE-A296-EE659BEEC789}.Debug|Any CPU.ActiveCfg = Debug|Any CPU
		{CA36D1BC-9E3D-4ECE-A296-EE659BEEC789}.Debug|Any CPU.Build.0 = Debug|Any CPU
		{CA36D1BC-9E3D-4ECE-A296-EE659BEEC789}.Release|Any CPU.ActiveCfg = Release|Any CPU
		{CA36D1BC-9E3D-4ECE-A296-EE659BEEC789}.Release|Any CPU.Build.0 = Release|Any CPU
		{2C1AF184-048B-4B62-8A99-1B2B17364ADF}.Debug|Any CPU.ActiveCfg = Debug|Any CPU
		{2C1AF184-048B-4B62-8A99-1B2B17364ADF}.Debug|Any CPU.Build.0 = Debug|Any CPU
		{2C1AF184-048B-4B62-8A99-1B2B17364ADF}.Release|Any CPU.ActiveCfg = Release|Any CPU
		{2C1AF184-048B-4B62-8A99-1B2B17364ADF}.Release|Any CPU.Build.0 = Release|Any CPU
		{87687A86-B6D4-4D3F-9E32-AAA424A7AA1D}.Debug|Any CPU.ActiveCfg = Debug|Any CPU
		{87687A86-B6D4-4D3F-9E32-AAA424A7AA1D}.Debug|Any CPU.Build.0 = Debug|Any CPU
		{87687A86-B6D4-4D3F-9E32-AAA424A7AA1D}.Release|Any CPU.ActiveCfg = Release|Any CPU
		{87687A86-B6D4-4D3F-9E32-AAA424A7AA1D}.Release|Any CPU.Build.0 = Release|Any CPU
		{9CC3415D-4A6E-4696-A6A1-6B8CAC015A01}.Debug|Any CPU.ActiveCfg = Debug|Any CPU
		{9CC3415D-4A6E-4696-A6A1-6B8CAC015A01}.Debug|Any CPU.Build.0 = Debug|Any CPU
		{9CC3415D-4A6E-4696-A6A1-6B8CAC015A01}.Release|Any CPU.ActiveCfg = Release|Any CPU
		{9CC3415D-4A6E-4696-A6A1-6B8CAC015A01}.Release|Any CPU.Build.0 = Release|Any CPU
	EndGlobalSection
	GlobalSection(SolutionProperties) = preSolution
		HideSolutionNode = FALSE
	EndGlobalSection
	GlobalSection(ExtensibilityGlobals) = postSolution
		SolutionGuid = {7EDF7376-70D1-4FBC-AC31-6CFCB18FDF37}
	EndGlobalSection
EndGlobal
